<?xml version="1.0" encoding="UTF-8" standalone="yes" ?>
<CodeBlocks_project_file>
	<FileVersion major="1" minor="6" />
	<Project>
		<Option title="LaRosquilleraFramework" />
		<Option pch_mode="2" />
		<Option compiler="gcc" />
		<Build>
			<Target title="Debug">
				<Option output="bin/Debug/LaRosquilleraFramework" prefix_auto="1" extension_auto="1" />
				<Option object_output="obj/Debug/" />
				<Option type="1" />
				<Option compiler="gcc" />
				<Compiler>
					<Add option="-g" />
					<Add directory="include" />
					<Add directory="example" />
				</Compiler>
			</Target>
			<Target title="Release">
				<Option output="bin/Release/LaRosquilleraFramework" prefix_auto="1" extension_auto="1" />
				<Option object_output="obj/Release/" />
				<Option type="1" />
				<Option compiler="gcc" />
				<Compiler>
					<Add option="-O2" />
					<Add directory="include" />
					<Add directory="example" />
				</Compiler>
				<Linker>
					<Add option="-s" />
				</Linker>
			</Target>
		</Build>
		<Compiler>
			<Add option="-std=c++11" />
			<Add option="-Wall" />
			<Add directory="include" />
			<Add directory="src" />
			<Add directory="example" />
		</Compiler>
		<Linker>
			<Add library="SDL2" />
			<Add library="SDL2main" />
			<Add library="SDL2_image" />
			<Add library="SDL2_ttf" />
			<Add library="SDL2_mixer" />
		</Linker>
		<Unit filename="example/execontrol.cpp" />
		<Unit filename="example/execontrol.h" />
		<Unit filename="example/main.cpp" />
		<Unit filename="example/mainmenu.cpp" />
		<Unit filename="example/mainmenu.h" />
		<Unit filename="example/mainprocess.cpp" />
		<Unit filename="example/mainprocess.h" />
		<Unit filename="example/scene2.cpp" />
		<Unit filename="example/scene2.h" />
		<Unit filename="example/scenetest.cpp" />
		<Unit filename="example/scenetest.h" />
		<Unit filename="example/splashscreen.cpp" />
		<Unit filename="example/splashscreen.h" />
		<Unit filename="include/rf_3d.h" />
		<Unit filename="include/rf_3d_object.h" />
		<Unit filename="include/rf_background.h" />
		<Unit filename="include/rf_declares.h" />
		<Unit filename="include/rf_engine.h" />
		<Unit filename="include/rf_math.h" />
		<Unit filename="include/rf_parallax.h" />
		<Unit filename="include/rf_parallax_layer.h" />
		<Unit filename="include/rf_primitive.h" />
		<Unit filename="include/rf_process.h" />
		<Unit filename="include/rf_time.h" />
		<Unit filename="include/rf_window.h" />
		<Unit filename="src/rf_3d.cpp" />
		<Unit filename="src/rf_3d_object.cpp" />
		<Unit filename="src/rf_background.cpp" />
		<Unit filename="src/rf_engine.cpp" />
		<Unit filename="src/rf_parallax.cpp" />
		<Unit filename="src/rf_parallax_layer.cpp" />
		<Unit filename="src/rf_process.cpp" />
		<Unit filename="src/rf_time.cpp" />
		<Unit filename="src/rf_window.cpp" />
		<Extensions>
			<code_completion />
			<debugger />
		</Extensions>
	</Project>
</CodeBlocks_project_file>
